{
  "lockfileVersion": 1,
  "configVersion": 1,
  "workspaces": {
    "": {
      "name": "tree-sitter-estelle",
      "devDependencies": {
        "tree-sitter-cli": "^0.26.9",
      },
    },
  },
  "packages": {
    "tree-sitter-cli": ["tree-sitter-cli@0.26.9", "", { "bin": { "tree-sitter": "cli.js" } }, "sha512-7l+U1RmazPVe+yA/JiX80GFOILnL/j24GbawamIzNQC8UlINrcyECbaWGaG1wuq4j/m0DQTx7Uu4r0iW9Ao1BQ=="],
  }
}
