{
  "lockfileVersion": 1,
  "configVersion": 1,
  "workspaces": {
    "": {
      "name": "tree-sitter-estelle",
      "dependencies": {
        "nan": "^2.27.0",
      },
      "devDependencies": {
        "tree-sitter-cli": "^0.26.9",
      },
    },
  },
  "packages": {
    "nan": ["nan@2.27.0", "", {}, "sha512-hC+0LidcL3XE4rp1C4H54KujgXKzbfyTngZTwBByQxsOxCEKZT0MPQ4hOKUH2jU1OYstqdDH4onyHPDzcV0XdQ=="],

    "tree-sitter-cli": ["tree-sitter-cli@0.26.9", "", { "bin": { "tree-sitter": "cli.js" } }, "sha512-7l+U1RmazPVe+yA/JiX80GFOILnL/j24GbawamIzNQC8UlINrcyECbaWGaG1wuq4j/m0DQTx7Uu4r0iW9Ao1BQ=="],
  }
}
